{
  "- 51.72% documented\n### Added": [
    {
      "file": "CHANGELOG.md",
      "lines": [
        146,
        161
      ]
    }
  ],
  "- gem: rubocop-lts\ndirect: gem_bench.gemspec": [
    {
      "file": ".structuredmerge/kettle-jem.yml",
      "lines": [
        109,
        114
      ]
    }
  ],
  "- gem: standard\ndirect: gem_bench.gemspec": [
    {
      "file": ".structuredmerge/kettle-jem.yml",
      "lines": [
        124,
        129
      ]
    }
  ],
  ">> team = GemBench.check({verbose: true})\n[GemBench] Will search for gems in [\"/Users/pboling/.rvm/gems/ruby-1.9.3-head@foss/gems\", \"/Users/pboling/.rvm/gems/ruby-1.9.3-head@global/gems\", \"/Users/pboling/.rvm/gems/ruby-1.9.3-head@foss/bundler/gems\"]": [
    {
      "file": "README.md",
      "lines": [
        209,
        228
      ]
    }
  ],
  "[GemBench] Will search for gems in [\"/Users/pboling/.rvm/gems/ruby-1.9.3-head@foss/gems\", \"/Users/pboling/.rvm/gems/ruby-1.9.3-head@global/gems\", \"/Users/pboling/.rvm/gems/ruby-1.9.3-head@foss/bundler/gems\"]\n[GemBench] Will check Gemfile at /Users/pboling/Documents/src/my/gem_bench/Gemfile.": [
    {
      "file": "README.md",
      "lines": [
        210,
        229
      ]
    }
  ],
  "action: remove_modular_gem\nreason: \"The gemspec owns the project's style dependency.\"": [
    {
      "file": ".structuredmerge/kettle-jem.yml",
      "lines": [
        112,
        117,
        122,
        127,
        132
      ]
    }
  ],
  "direct: gem_bench.gemspec\nmodular: gemfiles/modular/shunted.gemfile": [
    {
      "file": ".structuredmerge/kettle-jem.yml",
      "lines": [
        110,
        125
      ]
    }
  ],
  "direct: gem_bench.gemspec\nmodular: gemfiles/modular/style.gemfile": [
    {
      "file": ".structuredmerge/kettle-jem.yml",
      "lines": [
        115,
        120,
        130
      ]
    }
  ],
  "modular: gemfiles/modular/shunted.gemfile\naction: remove_modular_gem": [
    {
      "file": ".structuredmerge/kettle-jem.yml",
      "lines": [
        111,
        126
      ]
    }
  ],
  "modular: gemfiles/modular/style.gemfile\naction: remove_modular_gem": [
    {
      "file": ".structuredmerge/kettle-jem.yml",
      "lines": [
        116,
        121,
        131
      ]
    }
  ],
  "reason: \"The gemspec owns the project's style dependency.\"\n- gem: standard": [
    {
      "file": ".structuredmerge/kettle-jem.yml",
      "lines": [
        123,
        128
      ]
    }
  ]
}
