{
  "Rakefile:2939370688": [
    [58, 70, 6, "Lint/LtsRuby/UnavailableMethod: Pathname#empty? is unavailable before Ruby 2.4.", 1165546895],
    [73, 8, 4, "Lint/LtsRuby/UnavailableMethod: Enumerable/Enumerator::Lazy#uniq is unavailable before Ruby 2.4.", 2087995782]
  ],
  "bin/checksums:2906467651": [
    [24, 51, 6, "Lint/LtsRuby/UnavailableMethod: Pathname#empty? is unavailable before Ruby 2.4.", 1165546895]
  ],
  "gem_bench.gemspec:1667184500": [
    [48, 24, 9, "Lint/LtsRuby/UnavailableMethod: Symbol#end_with? is unavailable before Ruby 2.7.", 308216808],
    [54, 16, 16, "Lint/LtsRuby/UnavailableMethod: Matrix/Vector#[]= is unavailable before Ruby 2.6.", 3147164910],
    [55, 16, 19, "Lint/LtsRuby/UnavailableMethod: Matrix/Vector#[]= is unavailable before Ruby 2.6.", 279056797],
    [56, 16, 17, "Lint/LtsRuby/UnavailableMethod: Matrix/Vector#[]= is unavailable before Ruby 2.6.", 4196512528],
    [57, 16, 19, "Lint/LtsRuby/UnavailableMethod: Matrix/Vector#[]= is unavailable before Ruby 2.6.", 3960302181],
    [58, 16, 21, "Lint/LtsRuby/UnavailableMethod: Matrix/Vector#[]= is unavailable before Ruby 2.6.", 2359681088],
    [58, 78, 4, "Lint/LtsRuby/UnavailableMethod: Symbol#name is unavailable before Ruby 3.0.", 2087876002],
    [59, 16, 15, "Lint/LtsRuby/UnavailableMethod: Matrix/Vector#[]= is unavailable before Ruby 2.6.", 1629595435],
    [60, 16, 12, "Lint/LtsRuby/UnavailableMethod: Matrix/Vector#[]= is unavailable before Ruby 2.6.", 2962383854],
    [61, 16, 12, "Lint/LtsRuby/UnavailableMethod: Matrix/Vector#[]= is unavailable before Ruby 2.6.", 3248034781],
    [61, 71, 4, "Lint/LtsRuby/UnavailableMethod: Symbol#name is unavailable before Ruby 3.0.", 2087876002],
    [62, 16, 15, "Lint/LtsRuby/UnavailableMethod: Matrix/Vector#[]= is unavailable before Ruby 2.6.", 1397552598],
    [63, 16, 20, "Lint/LtsRuby/UnavailableMethod: Matrix/Vector#[]= is unavailable before Ruby 2.6.", 2025055014],
    [64, 16, 25, "Lint/LtsRuby/UnavailableMethod: Matrix/Vector#[]= is unavailable before Ruby 2.6.", 1727630048],
    [76, 13, 2, "Lint/LtsRuby/UnavailableMethod: Method/Proc#<< is unavailable before Ruby 2.6.", 5859461],
    [102, 13, 4, "Lint/LtsRuby/UnavailableMethod: Symbol#name is unavailable before Ruby 3.0.", 2087876002]
  ],
  "gemfiles/ancient.gemfile:1614051642": [
    [25, 56, 8, "Lint/LtsRuby/UnavailableMethod: String/Symbol#casecmp? is unavailable before Ruby 2.4.", 4035388528]
  ],
  "gemfiles/modular/coverage_local.gemfile:2661471746": [
    [19, 27, 4, "Lint/LtsRuby/UnavailableMethod: Symbol#name is unavailable before Ruby 3.0.", 2087876002],
    [37, 101, 4, "Lint/LtsRuby/UnavailableMethod: Symbol#name is unavailable before Ruby 3.0.", 2087876002],
    [46, 5, 5, "Lint/LtsRuby/UnavailableMethod: Thread#fetch is unavailable before Ruby 2.5.", 171106201],
    [49, 31, 4, "Lint/LtsRuby/UnavailableMethod: Symbol#name is unavailable before Ruby 3.0.", 2087876002]
  ],
  "gemfiles/modular/documentation_local.gemfile:3227795705": [
    [19, 27, 4, "Lint/LtsRuby/UnavailableMethod: Symbol#name is unavailable before Ruby 3.0.", 2087876002]
  ],
  "gemfiles/modular/style_local.gemfile:3577728394": [
    [22, 27, 4, "Lint/LtsRuby/UnavailableMethod: Symbol#name is unavailable before Ruby 3.0.", 2087876002]
  ],
  "gemfiles/modular/templating.gemfile:960605653": [
    [6, 39, 4, "Lint/LtsRuby/UnavailableMethod: Set#to_s is unavailable before Ruby 2.5.", 2087961426],
    [7, 28, 6, "Lint/LtsRuby/UnavailableMethod: Pathname#empty? is unavailable before Ruby 2.4.", 1165546895],
    [8, 40, 4, "Lint/LtsRuby/UnavailableMethod: Set#to_s is unavailable before Ruby 2.5.", 2087961426],
    [8, 45, 6, "Lint/LtsRuby/UnavailableMethod: Pathname#empty? is unavailable before Ruby 2.4.", 1165546895],
    [11, 35, 4, "Lint/LtsRuby/UnavailableMethod: Set#to_s is unavailable before Ruby 2.5.", 2087961426],
    [11, 40, 6, "Lint/LtsRuby/UnavailableMethod: Pathname#empty? is unavailable before Ruby 2.4.", 1165546895]
  ],
  "gemfiles/modular/templating_local.gemfile:1318235891": [
    [20, 27, 4, "Lint/LtsRuby/UnavailableMethod: Symbol#name is unavailable before Ruby 3.0.", 2087876002],
    [85, 101, 4, "Lint/LtsRuby/UnavailableMethod: Symbol#name is unavailable before Ruby 3.0.", 2087876002],
    [94, 5, 5, "Lint/LtsRuby/UnavailableMethod: Thread#fetch is unavailable before Ruby 2.5.", 171106201],
    [97, 31, 4, "Lint/LtsRuby/UnavailableMethod: Symbol#name is unavailable before Ruby 3.0.", 2087876002]
  ],
  "lib/gem_bench.rb:429697285": [
    [33, 14, 15, "Lint/LtsRuby/UnavailableMethod: Matrix/Vector#[]= is unavailable before Ruby 2.6.", 601227842],
    [41, 14, 15, "Lint/LtsRuby/UnavailableMethod: Matrix/Vector#[]= is unavailable before Ruby 2.6.", 601227842],
    [49, 14, 15, "Lint/LtsRuby/UnavailableMethod: Matrix/Vector#[]= is unavailable before Ruby 2.6.", 601227842],
    [62, 14, 15, "Lint/LtsRuby/UnavailableMethod: Matrix/Vector#[]= is unavailable before Ruby 2.6.", 601227842]
  ],
  "lib/gem_bench/gemfile_line_tokenizer.rb:612925511": [
    [73, 27, 5, "Lint/LtsRuby/UnavailableMethod: MatchData#match is unavailable before Ruby 3.1.", 174531222],
    [107, 31, 5, "Lint/LtsRuby/UnavailableMethod: MatchData#match is unavailable before Ruby 3.1.", 174531222],
    [126, 58, 7, "Lint/LtsRuby/UnavailableMethod: Enumerable/Enumerator::Lazy#compact is unavailable before Ruby 3.1.", 3711215938],
    [155, 46, 5, "Lint/LtsRuby/UnavailableMethod: MatchData#match is unavailable before Ruby 3.1.", 174531222],
    [167, 60, 5, "Lint/LtsRuby/UnavailableMethod: MatchData#match is unavailable before Ruby 3.1.", 174531222],
    [171, 14, 5, "Lint/LtsRuby/UnavailableMethod: MatchData#match is unavailable before Ruby 3.1.", 174531222],
    [179, 60, 5, "Lint/LtsRuby/UnavailableMethod: MatchData#match is unavailable before Ruby 3.1.", 174531222],
    [183, 14, 5, "Lint/LtsRuby/UnavailableMethod: MatchData#match is unavailable before Ruby 3.1.", 174531222],
    [210, 14, 5, "Lint/LtsRuby/UnavailableMethod: MatchData#match is unavailable before Ruby 3.1.", 174531222],
    [220, 60, 5, "Lint/LtsRuby/UnavailableMethod: MatchData#match is unavailable before Ruby 3.1.", 174531222],
    [225, 14, 5, "Lint/LtsRuby/UnavailableMethod: MatchData#match is unavailable before Ruby 3.1.", 174531222],
    [233, 60, 5, "Lint/LtsRuby/UnavailableMethod: MatchData#match is unavailable before Ruby 3.1.", 174531222],
    [237, 14, 5, "Lint/LtsRuby/UnavailableMethod: MatchData#match is unavailable before Ruby 3.1.", 174531222],
    [245, 60, 5, "Lint/LtsRuby/UnavailableMethod: MatchData#match is unavailable before Ruby 3.1.", 174531222],
    [249, 14, 5, "Lint/LtsRuby/UnavailableMethod: MatchData#match is unavailable before Ruby 3.1.", 174531222],
    [257, 24, 1, "Lint/LtsRuby/UnavailableMethod: Enumerator#+ is unavailable before Ruby 2.6.", 177550],
    [258, 31, 6, "Lint/LtsRuby/UnavailableMethod: Pathname#empty? is unavailable before Ruby 2.4.", 1165546895],
    [258, 43, 5, "Lint/LtsRuby/UnavailableMethod: MatchData#match is unavailable before Ruby 3.1.", 174531222],
    [261, 44, 5, "Lint/LtsRuby/UnavailableMethod: MatchData#match is unavailable before Ruby 3.1.", 174531222],
    [263, 25, 2, "Lint/LtsRuby/UnavailableMethod: Method/Proc#<< is unavailable before Ruby 2.6.", 5859461],
    [270, 31, 11, "Lint/LtsRuby/UnavailableMethod: Symbol#start_with? is unavailable before Ruby 2.7.", 1795111591],
    [279, 17, 13, "Lint/LtsRuby/UnavailableMethod: Matrix/Vector#[]= is unavailable before Ruby 2.6.", 2407518609],
    [282, 17, 13, "Lint/LtsRuby/UnavailableMethod: Matrix/Vector#[]= is unavailable before Ruby 2.6.", 2407518609]
  ],
  "lib/gem_bench/jersey.rb:2117030507": [
    [97, 19, 2, "Lint/LtsRuby/UnavailableMethod: Method/Proc#<< is unavailable before Ruby 2.6.", 5859461],
    [100, 19, 2, "Lint/LtsRuby/UnavailableMethod: Method/Proc#<< is unavailable before Ruby 2.6.", 5859461],
    [135, 54, 4, "Lint/LtsRuby/UnavailableMethod: Set#join is unavailable before Ruby 3.0.", 2088000679],
    [175, 85, 4, "Lint/LtsRuby/UnavailableMethod: IO/SyntaxError#path is unavailable before Ruby 3.2.", 2088095368],
    [181, 19, 4, "Lint/LtsRuby/UnavailableMethod: IO/SyntaxError#path is unavailable before Ruby 3.2.", 2088095368]
  ],
  "lib/gem_bench/player.rb:1322133459": [
    [33, 13, 2, "Lint/LtsRuby/UnavailableMethod: Method/Proc#<< is unavailable before Ruby 2.6.", 5859461],
    [77, 63, 4, "Lint/LtsRuby/UnavailableMethod: Symbol#name is unavailable before Ruby 3.0.", 2087876002]
  ],
  "lib/gem_bench/scout.rb:3822421336": [
    [10, 31, 5, "Lint/LtsRuby/UnavailableMethod: Thread#fetch is unavailable before Ruby 2.5.", 171106201],
    [14, 59, 4, "Lint/LtsRuby/UnavailableMethod: Symbol#name is unavailable before Ruby 3.0.", 2087876002],
    [14, 75, 4, "Lint/LtsRuby/UnavailableMethod: Set#to_s is unavailable before Ruby 2.5.", 2087961426],
    [26, 10, 7, "Lint/LtsRuby/UnavailableMethod: Enumerable/Enumerator::Lazy#compact is unavailable before Ruby 3.1.", 3711215938],
    [27, 10, 4, "Lint/LtsRuby/UnavailableMethod: Enumerable/Enumerator::Lazy#uniq is unavailable before Ruby 2.4.", 2087995782],
    [28, 22, 4, "Lint/LtsRuby/UnavailableMethod: Set#to_s is unavailable before Ruby 2.5.", 2087961426],
    [29, 25, 6, "Lint/LtsRuby/UnavailableMethod: Pathname#empty? is unavailable before Ruby 2.4.", 1165546895],
    [31, 18, 2, "Lint/LtsRuby/UnavailableMethod: Method/Proc#<< is unavailable before Ruby 2.6.", 5859461],
    [31, 42, 4, "Lint/LtsRuby/UnavailableMethod: Set#to_s is unavailable before Ruby 2.5.", 2087961426],
    [32, 18, 2, "Lint/LtsRuby/UnavailableMethod: Method/Proc#<< is unavailable before Ruby 2.6.", 5859461]
  ],
  "lib/gem_bench/strict_version_gem.rb:4215412827": [
    [13, 26, 4, "Lint/LtsRuby/UnavailableMethod: Symbol#name is unavailable before Ruby 3.0.", 2087876002],
    [48, 26, 4, "Lint/LtsRuby/UnavailableMethod: Set#join is unavailable before Ruby 3.0.", 2088000679]
  ],
  "lib/gem_bench/strict_version_requirement.rb:1358447646": [
    [7, 31, 5, "Lint/LtsRuby/UnavailableMethod: Thread#fetch is unavailable before Ruby 2.5.", 171106201],
    [15, 15, 2, "Lint/LtsRuby/UnavailableMethod: Method/Proc#<< is unavailable before Ruby 2.6.", 5859461],
    [29, 28, 4, "Lint/LtsRuby/UnavailableMethod: Symbol#name is unavailable before Ruby 3.0.", 2087876002],
    [33, 27, 4, "Lint/LtsRuby/UnavailableMethod: Symbol#name is unavailable before Ruby 3.0.", 2087876002],
    [46, 20, 3, "Style/MapJoin: Remove redundant `map(&:to_s)` before `join`.", 193414073],
    [46, 32, 4, "Lint/LtsRuby/UnavailableMethod: Set#join is unavailable before Ruby 3.0.", 2088000679]
  ],
  "lib/gem_bench/team.rb:4163852291": [
    [59, 32, 5, "Lint/LtsRuby/UnavailableMethod: Thread#fetch is unavailable before Ruby 2.5.", 171106201],
    [60, 31, 5, "Lint/LtsRuby/UnavailableMethod: Thread#fetch is unavailable before Ruby 2.5.", 171106201],
    [88, 40, 4, "Lint/LtsRuby/UnavailableMethod: Set#to_s is unavailable before Ruby 2.5.", 2087961426],
    [94, 14, 6, "Lint/LtsRuby/UnavailableMethod: Pathname#empty? is unavailable before Ruby 2.4.", 1165546895],
    [95, 16, 2, "Lint/LtsRuby/UnavailableMethod: Method/Proc#<< is unavailable before Ruby 2.6.", 5859461],
    [96, 22, 6, "Lint/LtsRuby/UnavailableMethod: Pathname#empty? is unavailable before Ruby 2.4.", 1165546895],
    [97, 16, 2, "Lint/LtsRuby/UnavailableMethod: Method/Proc#<< is unavailable before Ruby 2.6.", 5859461],
    [103, 16, 2, "Lint/LtsRuby/UnavailableMethod: Method/Proc#<< is unavailable before Ruby 2.6.", 5859461],
    [104, 16, 2, "Lint/LtsRuby/UnavailableMethod: Method/Proc#<< is unavailable before Ruby 2.6.", 5859461],
    [110, 18, 2, "Lint/LtsRuby/UnavailableMethod: Method/Proc#<< is unavailable before Ruby 2.6.", 5859461],
    [112, 20, 2, "Lint/LtsRuby/UnavailableMethod: Method/Proc#<< is unavailable before Ruby 2.6.", 5859461],
    [116, 18, 2, "Lint/LtsRuby/UnavailableMethod: Method/Proc#<< is unavailable before Ruby 2.6.", 5859461],
    [118, 16, 2, "Lint/LtsRuby/UnavailableMethod: Method/Proc#<< is unavailable before Ruby 2.6.", 5859461],
    [124, 18, 2, "Lint/LtsRuby/UnavailableMethod: Method/Proc#<< is unavailable before Ruby 2.6.", 5859461],
    [124, 43, 1, "Lint/LtsRuby/UnavailableMethod: Enumerator#+ is unavailable before Ruby 2.6.", 177550],
    [127, 18, 2, "Lint/LtsRuby/UnavailableMethod: Method/Proc#<< is unavailable before Ruby 2.6.", 5859461],
    [129, 20, 2, "Lint/LtsRuby/UnavailableMethod: Method/Proc#<< is unavailable before Ruby 2.6.", 5859461],
    [129, 45, 1, "Lint/LtsRuby/UnavailableMethod: Enumerator#+ is unavailable before Ruby 2.6.", 177550],
    [135, 18, 2, "Lint/LtsRuby/UnavailableMethod: Method/Proc#<< is unavailable before Ruby 2.6.", 5859461],
    [137, 20, 2, "Lint/LtsRuby/UnavailableMethod: Method/Proc#<< is unavailable before Ruby 2.6.", 5859461],
    [137, 47, 1, "Lint/LtsRuby/UnavailableMethod: Enumerator#+ is unavailable before Ruby 2.6.", 177550],
    [140, 18, 2, "Lint/LtsRuby/UnavailableMethod: Method/Proc#<< is unavailable before Ruby 2.6.", 5859461],
    [146, 16, 2, "Lint/LtsRuby/UnavailableMethod: Method/Proc#<< is unavailable before Ruby 2.6.", 5859461],
    [168, 16, 2, "Lint/LtsRuby/UnavailableMethod: Method/Proc#<< is unavailable before Ruby 2.6.", 5859461],
    [170, 18, 2, "Lint/LtsRuby/UnavailableMethod: Method/Proc#<< is unavailable before Ruby 2.6.", 5859461],
    [170, 45, 1, "Lint/LtsRuby/UnavailableMethod: Enumerator#+ is unavailable before Ruby 2.6.", 177550],
    [173, 16, 2, "Lint/LtsRuby/UnavailableMethod: Method/Proc#<< is unavailable before Ruby 2.6.", 5859461],
    [188, 41, 2, "Lint/LtsRuby/UnavailableMethod: Method/Proc#<< is unavailable before Ruby 2.6.", 5859461],
    [222, 18, 2, "Lint/LtsRuby/UnavailableMethod: Method/Proc#<< is unavailable before Ruby 2.6.", 5859461],
    [224, 18, 2, "Lint/LtsRuby/UnavailableMethod: Method/Proc#<< is unavailable before Ruby 2.6.", 5859461]
  ],
  "spec/config/byebug.rb:3763879177": [
    [2, 51, 8, "Lint/LtsRuby/UnavailableMethod: String/Symbol#casecmp? is unavailable before Ruby 2.4.", 4035388528]
  ],
  "spec/gem_bench/gemfile_line_tokenizer_spec.rb:3430234358": [
    [39, 25, 4, "Lint/LtsRuby/UnavailableMethod: Symbol#name is unavailable before Ruby 3.0.", 2087876002],
    [50, 27, 4, "Lint/LtsRuby/UnavailableMethod: Symbol#name is unavailable before Ruby 3.0.", 2087876002],
    [62, 27, 4, "Lint/LtsRuby/UnavailableMethod: Symbol#name is unavailable before Ruby 3.0.", 2087876002],
    [76, 29, 4, "Lint/LtsRuby/UnavailableMethod: Symbol#name is unavailable before Ruby 3.0.", 2087876002],
    [91, 31, 4, "Lint/LtsRuby/UnavailableMethod: Symbol#name is unavailable before Ruby 3.0.", 2087876002]
  ],
  "spec/gem_bench/jersey_spec.rb:3815530945": [
    [144, 25, 4, "Lint/LtsRuby/UnavailableMethod: Symbol#name is unavailable before Ruby 3.0.", 2087876002]
  ],
  "spec/gem_bench/player_spec.rb:2083686713": [
    [54, 23, 4, "Lint/LtsRuby/UnavailableMethod: Set#to_s is unavailable before Ruby 2.5.", 2087961426],
    [58, 23, 4, "Lint/LtsRuby/UnavailableMethod: Set#to_s is unavailable before Ruby 2.5.", 2087961426],
    [62, 23, 4, "Lint/LtsRuby/UnavailableMethod: Set#to_s is unavailable before Ruby 2.5.", 2087961426],
    [66, 23, 4, "Lint/LtsRuby/UnavailableMethod: Set#to_s is unavailable before Ruby 2.5.", 2087961426],
    [70, 23, 4, "Lint/LtsRuby/UnavailableMethod: Set#to_s is unavailable before Ruby 2.5.", 2087961426],
    [74, 23, 4, "Lint/LtsRuby/UnavailableMethod: Set#to_s is unavailable before Ruby 2.5.", 2087961426],
    [78, 23, 4, "Lint/LtsRuby/UnavailableMethod: Set#to_s is unavailable before Ruby 2.5.", 2087961426],
    [82, 45, 4, "Lint/LtsRuby/UnavailableMethod: Set#to_s is unavailable before Ruby 2.5.", 2087961426]
  ],
  "spec/gem_bench/strict_version_requirement_spec.rb:1566306367": [
    [77, 21, 4, "Lint/LtsRuby/UnavailableMethod: Symbol#name is unavailable before Ruby 3.0.", 2087876002],
    [107, 23, 4, "Lint/LtsRuby/UnavailableMethod: Symbol#name is unavailable before Ruby 3.0.", 2087876002],
    [120, 16, 5, "RSpec/Output: Do not write to stdout in specs.", 187024980]
  ],
  "spec/gem_bench/team_spec.rb:1749134884": [
    [276, 19, 17, "RSpec/ContextWording: Context description should match /^when\\b/, /^with\\b/, or /^without\\b/.", 1188500192]
  ]
}
